
Microsoft Visual Studio Solution File, Format Version 12.00
# Visual Studio Version 17
VisualStudioVersion = 17.9.34902.65
MinimumVisualStudioVersion = 10.0.40219.1
Project("{FAE04EC0-301F-11D3-BF4B-00C04F79EFBC}") = "PlayListNiklaus", "PlayListNiklaus\PlayListNiklaus.csproj", "{E39CFF2C-DF1D-4356-BD7B-E8E38B3653CD}"
EndProject
Global
	GlobalSection(SolutionConfigurationPlatforms) = preSolution
		Debug|Any CPU = Debug|Any CPU
		Release|Any CPU = Release|Any CPU
	EndGlobalSection
	GlobalSection(ProjectConfigurationPlatforms) = postSolution
		{E39CFF2C-DF1D-4356-BD7B-E8E38B3653CD}.Debug|Any CPU.ActiveCfg = Debug|Any CPU
		{E39CFF2C-DF1D-4356-BD7B-E8E38B3653CD}.Debug|Any CPU.Build.0 = Debug|Any CPU
		{E39CFF2C-DF1D-4356-BD7B-E8E38B3653CD}.Debug|Any CPU.Deploy.0 = Debug|Any CPU
		{E39CFF2C-DF1D-4356-BD7B-E8E38B3653CD}.Release|Any CPU.ActiveCfg = Release|Any CPU
		{E39CFF2C-DF1D-4356-BD7B-E8E38B3653CD}.Release|Any CPU.Build.0 = Release|Any CPU
		{E39CFF2C-DF1D-4356-BD7B-E8E38B3653CD}.Release|Any CPU.Deploy.0 = Release|Any CPU
	EndGlobalSection
	GlobalSection(SolutionProperties) = preSolution
		HideSolutionNode = FALSE
	EndGlobalSection
	GlobalSection(ExtensibilityGlobals) = postSolution
		SolutionGuid = {CB036259-5E9F-4276-91A7-9546F1FA7E27}
	EndGlobalSection
EndGlobal
